
Microsoft Visual Studio Solution File, Format Version 12.00
# Visual Studio Version 17
VisualStudioVersion = 17.12.35728.132
MinimumVisualStudioVersion = 10.0.40219.1
Project("{8BC9CEB8-8B4A-11D0-8D11-00A0C91BC942}") = "advchat_qmm", "advchat_qmm.vcxproj", "{1D5BE629-82D1-4511-8559-5116BFE4338C}"
EndProject
Global
	GlobalSection(SolutionConfigurationPlatforms) = preSolution
		Debug-COD11MP|x86 = Debug-COD11MP|x86
		Debug-COD11MP|x64 = Debug-COD11MP|x64
		Debug-CODMP|x86 = Debug-CODMP|x86
		Debug-CODMP|x64 = Debug-CODMP|x64
		Debug-CODUOMP|x86 = Debug-CODUOMP|x86
		Debug-CODUOMP|x64 = Debug-CODUOMP|x64
		Debug-JAMP|x86 = Debug-JAMP|x86
		Debug-JAMP|x64 = Debug-JAMP|x64
		Debug-JASP|x86 = Debug-JASP|x86
		Debug-JASP|x64 = Debug-JASP|x64
		Debug-JK2MP|x86 = Debug-JK2MP|x86
		Debug-JK2MP|x64 = Debug-JK2MP|x64
		Debug-JK2SP|x86 = Debug-JK2SP|x86
		Debug-JK2SP|x64 = Debug-JK2SP|x64
		Debug-MOHAA|x86 = Debug-MOHAA|x86
		Debug-MOHAA|x64 = Debug-MOHAA|x64
		Debug-MOHBT|x86 = Debug-MOHBT|x86
		Debug-MOHBT|x64 = Debug-MOHBT|x64
		Debug-MOHSH|x86 = Debug-MOHSH|x86
		Debug-MOHSH|x64 = Debug-MOHSH|x64
		Debug-Q3A|x86 = Debug-Q3A|x86
		Debug-Q3A|x64 = Debug-Q3A|x64
		Debug-QUAKE2|x86 = Debug-QUAKE2|x86
		Debug-QUAKE2|x64 = Debug-QUAKE2|x64
		Debug-RTCWMP|x86 = Debug-RTCWMP|x86
		Debug-RTCWMP|x64 = Debug-RTCWMP|x64
		Debug-RTCWSP|x86 = Debug-RTCWSP|x86
		Debug-RTCWSP|x64 = Debug-RTCWSP|x64
		Debug-SIN|x86 = Debug-SIN|x86
		Debug-SIN|x64 = Debug-SIN|x64
		Debug-SOF2MP|x86 = Debug-SOF2MP|x86
		Debug-SOF2MP|x64 = Debug-SOF2MP|x64
		Debug-SOF2SP|x86 = Debug-SOF2SP|x86
		Debug-SOF2SP|x64 = Debug-SOF2SP|x64
		Debug-STEF2|x86 = Debug-STEF2|x86
		Debug-STEF2|x64 = Debug-STEF2|x64
		Debug-STVOYHM|x86 = Debug-STVOYHM|x86
		Debug-STVOYHM|x64 = Debug-STVOYHM|x64
		Debug-STVOYSP|x86 = Debug-STVOYSP|x86
		Debug-STVOYSP|x64 = Debug-STVOYSP|x64
		Debug-WET|x86 = Debug-WET|x86
		Debug-WET|x64 = Debug-WET|x64
		Release-COD11MP|x86 = Release-COD11MP|x86
		Release-COD11MP|x64 = Release-COD11MP|x64
		Release-CODMP|x86 = Release-CODMP|x86
		Release-CODMP|x64 = Release-CODMP|x64
		Release-CODUOMP|x86 = Release-CODUOMP|x86
		Release-CODUOMP|x64 = Release-CODUOMP|x64
		Release-JAMP|x86 = Release-JAMP|x86
		Release-JAMP|x64 = Release-JAMP|x64
		Release-JASP|x86 = Release-JASP|x86
		Release-JASP|x64 = Release-JASP|x64
		Release-JK2MP|x86 = Release-JK2MP|x86
		Release-JK2MP|x64 = Release-JK2MP|x64
		Release-JK2SP|x86 = Release-JK2SP|x86
		Release-JK2SP|x64 = Release-JK2SP|x64
		Release-MOHAA|x86 = Release-MOHAA|x86
		Release-MOHAA|x64 = Release-MOHAA|x64
		Release-MOHBT|x86 = Release-MOHBT|x86
		Release-MOHBT|x64 = Release-MOHBT|x64
		Release-MOHSH|x86 = Release-MOHSH|x86
		Release-MOHSH|x64 = Release-MOHSH|x64
		Release-Q3A|x86 = Release-Q3A|x86
		Release-Q3A|x64 = Release-Q3A|x64
		Release-QUAKE2|x86 = Release-QUAKE2|x86
		Release-QUAKE2|x64 = Release-QUAKE2|x64
		Release-RTCWMP|x86 = Release-RTCWMP|x86
		Release-RTCWMP|x64 = Release-RTCWMP|x64
		Release-RTCWSP|x86 = Release-RTCWSP|x86
		Release-RTCWSP|x64 = Release-RTCWSP|x64
		Release-SIN|x86 = Release-SIN|x86
		Release-SIN|x64 = Release-SIN|x64
		Release-SOF2MP|x86 = Release-SOF2MP|x86
		Release-SOF2MP|x64 = Release-SOF2MP|x64
		Release-SOF2SP|x86 = Release-SOF2SP|x86
		Release-SOF2SP|x64 = Release-SOF2SP|x64
		Release-STEF2|x86 = Release-STEF2|x86
		Release-STEF2|x64 = Release-STEF2|x64
		Release-STVOYHM|x86 = Release-STVOYHM|x86
		Release-STVOYHM|x64 = Release-STVOYHM|x64
		Release-STVOYSP|x86 = Release-STVOYSP|x86
		Release-STVOYSP|x64 = Release-STVOYSP|x64
		Release-WET|x86 = Release-WET|x86
		Release-WET|x64 = Release-WET|x64
	EndGlobalSection
	GlobalSection(ProjectConfigurationPlatforms) = postSolution
		{1D5BE629-82D1-4511-8559-5116BFE4338C}.Debug-COD11MP|x86.ActiveCfg = Debug-COD11MP|Win32
		{1D5BE629-82D1-4511-8559-5116BFE4338C}.Debug-COD11MP|x86.Build.0 = Debug-COD11MP|Win32
		{1D5BE629-82D1-4511-8559-5116BFE4338C}.Debug-COD11MP|x64.ActiveCfg = Debug-COD11MP|x64
		{1D5BE629-82D1-4511-8559-5116BFE4338C}.Debug-COD11MP|x64.Build.0 = Debug-COD11MP|x64
		{1D5BE629-82D1-4511-8559-5116BFE4338C}.Debug-CODMP|x86.ActiveCfg = Debug-CODMP|Win32
		{1D5BE629-82D1-4511-8559-5116BFE4338C}.Debug-CODMP|x86.Build.0 = Debug-CODMP|Win32
		{1D5BE629-82D1-4511-8559-5116BFE4338C}.Debug-CODMP|x64.ActiveCfg = Debug-CODMP|x64
		{1D5BE629-82D1-4511-8559-5116BFE4338C}.Debug-CODMP|x64.Build.0 = Debug-CODMP|x64
		{1D5BE629-82D1-4511-8559-5116BFE4338C}.Debug-CODUOMP|x86.ActiveCfg = Debug-CODUOMP|Win32
		{1D5BE629-82D1-4511-8559-5116BFE4338C}.Debug-CODUOMP|x86.Build.0 = Debug-CODUOMP|Win32
		{1D5BE629-82D1-4511-8559-5116BFE4338C}.Debug-CODUOMP|x64.ActiveCfg = Debug-CODUOMP|x64
		{1D5BE629-82D1-4511-8559-5116BFE4338C}.Debug-CODUOMP|x64.Build.0 = Debug-CODUOMP|x64
		{1D5BE629-82D1-4511-8559-5116BFE4338C}.Debug-JAMP|x86.ActiveCfg = Debug-JAMP|Win32
		{1D5BE629-82D1-4511-8559-5116BFE4338C}.Debug-JAMP|x86.Build.0 = Debug-JAMP|Win32
		{1D5BE629-82D1-4511-8559-5116BFE4338C}.Debug-JAMP|x64.ActiveCfg = Debug-JAMP|x64
		{1D5BE629-82D1-4511-8559-5116BFE4338C}.Debug-JAMP|x64.Build.0 = Debug-JAMP|x64
		{1D5BE629-82D1-4511-8559-5116BFE4338C}.Debug-JASP|x86.ActiveCfg = Debug-JASP|Win32
		{1D5BE629-82D1-4511-8559-5116BFE4338C}.Debug-JASP|x86.Build.0 = Debug-JASP|Win32
		{1D5BE629-82D1-4511-8559-5116BFE4338C}.Debug-JASP|x64.ActiveCfg = Debug-JASP|x64
		{1D5BE629-82D1-4511-8559-5116BFE4338C}.Debug-JASP|x64.Build.0 = Debug-JASP|x64
		{1D5BE629-82D1-4511-8559-5116BFE4338C}.Debug-JK2MP|x86.ActiveCfg = Debug-JK2MP|Win32
		{1D5BE629-82D1-4511-8559-5116BFE4338C}.Debug-JK2MP|x86.Build.0 = Debug-JK2MP|Win32
		{1D5BE629-82D1-4511-8559-5116BFE4338C}.Debug-JK2MP|x64.ActiveCfg = Debug-JK2MP|x64
		{1D5BE629-82D1-4511-8559-5116BFE4338C}.Debug-JK2MP|x64.Build.0 = Debug-JK2MP|x64
		{1D5BE629-82D1-4511-8559-5116BFE4338C}.Debug-JK2SP|x86.ActiveCfg = Debug-JK2SP|Win32
		{1D5BE629-82D1-4511-8559-5116BFE4338C}.Debug-JK2SP|x86.Build.0 = Debug-JK2SP|Win32
		{1D5BE629-82D1-4511-8559-5116BFE4338C}.Debug-JK2SP|x64.ActiveCfg = Debug-JK2SP|x64
		{1D5BE629-82D1-4511-8559-5116BFE4338C}.Debug-JK2SP|x64.Build.0 = Debug-JK2SP|x64
		{1D5BE629-82D1-4511-8559-5116BFE4338C}.Debug-MOHAA|x86.ActiveCfg = Debug-MOHAA|Win32
		{1D5BE629-82D1-4511-8559-5116BFE4338C}.Debug-MOHAA|x86.Build.0 = Debug-MOHAA|Win32
		{1D5BE629-82D1-4511-8559-5116BFE4338C}.Debug-MOHAA|x64.ActiveCfg = Debug-MOHAA|x64
		{1D5BE629-82D1-4511-8559-5116BFE4338C}.Debug-MOHAA|x64.Build.0 = Debug-MOHAA|x64
		{1D5BE629-82D1-4511-8559-5116BFE4338C}.Debug-MOHBT|x86.ActiveCfg = Debug-MOHBT|Win32
		{1D5BE629-82D1-4511-8559-5116BFE4338C}.Debug-MOHBT|x86.Build.0 = Debug-MOHBT|Win32
		{1D5BE629-82D1-4511-8559-5116BFE4338C}.Debug-MOHBT|x64.ActiveCfg = Debug-MOHBT|x64
		{1D5BE629-82D1-4511-8559-5116BFE4338C}.Debug-MOHBT|x64.Build.0 = Debug-MOHBT|x64
		{1D5BE629-82D1-4511-8559-5116BFE4338C}.Debug-MOHSH|x86.ActiveCfg = Debug-MOHSH|Win32
		{1D5BE629-82D1-4511-8559-5116BFE4338C}.Debug-MOHSH|x86.Build.0 = Debug-MOHSH|Win32
		{1D5BE629-82D1-4511-8559-5116BFE4338C}.Debug-MOHSH|x64.ActiveCfg = Debug-MOHSH|x64
		{1D5BE629-82D1-4511-8559-5116BFE4338C}.Debug-MOHSH|x64.Build.0 = Debug-MOHSH|x64
		{1D5BE629-82D1-4511-8559-5116BFE4338C}.Debug-Q3A|x86.ActiveCfg = Debug-Q3A|Win32
		{1D5BE629-82D1-4511-8559-5116BFE4338C}.Debug-Q3A|x86.Build.0 = Debug-Q3A|Win32
		{1D5BE629-82D1-4511-8559-5116BFE4338C}.Debug-Q3A|x64.ActiveCfg = Debug-Q3A|x64
		{1D5BE629-82D1-4511-8559-5116BFE4338C}.Debug-Q3A|x64.Build.0 = Debug-Q3A|x64
		{1D5BE629-82D1-4511-8559-5116BFE4338C}.Debug-QUAKE2|x86.ActiveCfg = Debug-QUAKE2|Win32
		{1D5BE629-82D1-4511-8559-5116BFE4338C}.Debug-QUAKE2|x86.Build.0 = Debug-QUAKE2|Win32
		{1D5BE629-82D1-4511-8559-5116BFE4338C}.Debug-QUAKE2|x64.ActiveCfg = Debug-QUAKE2|x64
		{1D5BE629-82D1-4511-8559-5116BFE4338C}.Debug-QUAKE2|x64.Build.0 = Debug-QUAKE2|x64
		{1D5BE629-82D1-4511-8559-5116BFE4338C}.Debug-RTCWMP|x86.ActiveCfg = Debug-RTCWMP|Win32
		{1D5BE629-82D1-4511-8559-5116BFE4338C}.Debug-RTCWMP|x86.Build.0 = Debug-RTCWMP|Win32
		{1D5BE629-82D1-4511-8559-5116BFE4338C}.Debug-RTCWMP|x64.ActiveCfg = Debug-RTCWMP|x64
		{1D5BE629-82D1-4511-8559-5116BFE4338C}.Debug-RTCWMP|x64.Build.0 = Debug-RTCWMP|x64
		{1D5BE629-82D1-4511-8559-5116BFE4338C}.Debug-RTCWSP|x86.ActiveCfg = Debug-RTCWSP|Win32
		{1D5BE629-82D1-4511-8559-5116BFE4338C}.Debug-RTCWSP|x86.Build.0 = Debug-RTCWSP|Win32
		{1D5BE629-82D1-4511-8559-5116BFE4338C}.Debug-RTCWSP|x64.ActiveCfg = Debug-RTCWSP|x64
		{1D5BE629-82D1-4511-8559-5116BFE4338C}.Debug-RTCWSP|x64.Build.0 = Debug-RTCWSP|x64
		{1D5BE629-82D1-4511-8559-5116BFE4338C}.Debug-SIN|x86.ActiveCfg = Debug-SIN|Win32
		{1D5BE629-82D1-4511-8559-5116BFE4338C}.Debug-SIN|x86.Build.0 = Debug-SIN|Win32
		{1D5BE629-82D1-4511-8559-5116BFE4338C}.Debug-SIN|x64.ActiveCfg = Debug-SIN|x64
		{1D5BE629-82D1-4511-8559-5116BFE4338C}.Debug-SIN|x64.Build.0 = Debug-SIN|x64
		{1D5BE629-82D1-4511-8559-5116BFE4338C}.Debug-SOF2MP|x86.ActiveCfg = Debug-SOF2MP|Win32
		{1D5BE629-82D1-4511-8559-5116BFE4338C}.Debug-SOF2MP|x86.Build.0 = Debug-SOF2MP|Win32
		{1D5BE629-82D1-4511-8559-5116BFE4338C}.Debug-SOF2MP|x64.ActiveCfg = Debug-SOF2MP|x64
		{1D5BE629-82D1-4511-8559-5116BFE4338C}.Debug-SOF2MP|x64.Build.0 = Debug-SOF2MP|x64
		{1D5BE629-82D1-4511-8559-5116BFE4338C}.Debug-SOF2SP|x86.ActiveCfg = Debug-SOF2SP|Win32
		{1D5BE629-82D1-4511-8559-5116BFE4338C}.Debug-SOF2SP|x86.Build.0 = Debug-SOF2SP|Win32
		{1D5BE629-82D1-4511-8559-5116BFE4338C}.Debug-SOF2SP|x64.ActiveCfg = Debug-SOF2SP|x64
		{1D5BE629-82D1-4511-8559-5116BFE4338C}.Debug-SOF2SP|x64.Build.0 = Debug-SOF2SP|x64
		{1D5BE629-82D1-4511-8559-5116BFE4338C}.Debug-STEF2|x86.ActiveCfg = Debug-STEF2|Win32
		{1D5BE629-82D1-4511-8559-5116BFE4338C}.Debug-STEF2|x86.Build.0 = Debug-STEF2|Win32
		{1D5BE629-82D1-4511-8559-5116BFE4338C}.Debug-STEF2|x64.ActiveCfg = Debug-STEF2|x64
		{1D5BE629-82D1-4511-8559-5116BFE4338C}.Debug-STEF2|x64.Build.0 = Debug-STEF2|x64
		{1D5BE629-82D1-4511-8559-5116BFE4338C}.Debug-STVOYHM|x86.ActiveCfg = Debug-STVOYHM|Win32
		{1D5BE629-82D1-4511-8559-5116BFE4338C}.Debug-STVOYHM|x86.Build.0 = Debug-STVOYHM|Win32
		{1D5BE629-82D1-4511-8559-5116BFE4338C}.Debug-STVOYHM|x64.ActiveCfg = Debug-STVOYHM|x64
		{1D5BE629-82D1-4511-8559-5116BFE4338C}.Debug-STVOYHM|x64.Build.0 = Debug-STVOYHM|x64
		{1D5BE629-82D1-4511-8559-5116BFE4338C}.Debug-STVOYSP|x86.ActiveCfg = Debug-STVOYSP|Win32
		{1D5BE629-82D1-4511-8559-5116BFE4338C}.Debug-STVOYSP|x86.Build.0 = Debug-STVOYSP|Win32
		{1D5BE629-82D1-4511-8559-5116BFE4338C}.Debug-STVOYSP|x64.ActiveCfg = Debug-STVOYSP|x64
		{1D5BE629-82D1-4511-8559-5116BFE4338C}.Debug-STVOYSP|x64.Build.0 = Debug-STVOYSP|x64
		{1D5BE629-82D1-4511-8559-5116BFE4338C}.Debug-WET|x86.ActiveCfg = Debug-WET|Win32
		{1D5BE629-82D1-4511-8559-5116BFE4338C}.Debug-WET|x86.Build.0 = Debug-WET|Win32
		{1D5BE629-82D1-4511-8559-5116BFE4338C}.Debug-WET|x64.ActiveCfg = Debug-WET|x64
		{1D5BE629-82D1-4511-8559-5116BFE4338C}.Debug-WET|x64.Build.0 = Debug-WET|x64
		{1D5BE629-82D1-4511-8559-5116BFE4338C}.Release-COD11MP|x86.ActiveCfg = Release-COD11MP|Win32
		{1D5BE629-82D1-4511-8559-5116BFE4338C}.Release-COD11MP|x86.Build.0 = Release-COD11MP|Win32
		{1D5BE629-82D1-4511-8559-5116BFE4338C}.Release-COD11MP|x64.ActiveCfg = Release-COD11MP|x64
		{1D5BE629-82D1-4511-8559-5116BFE4338C}.Release-COD11MP|x64.Build.0 = Release-COD11MP|x64
		{1D5BE629-82D1-4511-8559-5116BFE4338C}.Release-CODMP|x86.ActiveCfg = Release-CODMP|Win32
		{1D5BE629-82D1-4511-8559-5116BFE4338C}.Release-CODMP|x86.Build.0 = Release-CODMP|Win32
		{1D5BE629-82D1-4511-8559-5116BFE4338C}.Release-CODMP|x64.ActiveCfg = Release-CODMP|x64
		{1D5BE629-82D1-4511-8559-5116BFE4338C}.Release-CODMP|x64.Build.0 = Release-CODMP|x64
		{1D5BE629-82D1-4511-8559-5116BFE4338C}.Release-CODUOMP|x86.ActiveCfg = Release-CODUOMP|Win32
		{1D5BE629-82D1-4511-8559-5116BFE4338C}.Release-CODUOMP|x86.Build.0 = Release-CODUOMP|Win32
		{1D5BE629-82D1-4511-8559-5116BFE4338C}.Release-CODUOMP|x64.ActiveCfg = Release-CODUOMP|x64
		{1D5BE629-82D1-4511-8559-5116BFE4338C}.Release-CODUOMP|x64.Build.0 = Release-CODUOMP|x64
		{1D5BE629-82D1-4511-8559-5116BFE4338C}.Release-JAMP|x86.ActiveCfg = Release-JAMP|Win32
		{1D5BE629-82D1-4511-8559-5116BFE4338C}.Release-JAMP|x86.Build.0 = Release-JAMP|Win32
		{1D5BE629-82D1-4511-8559-5116BFE4338C}.Release-JAMP|x64.ActiveCfg = Release-JAMP|x64
		{1D5BE629-82D1-4511-8559-5116BFE4338C}.Release-JAMP|x64.Build.0 = Release-JAMP|x64
		{1D5BE629-82D1-4511-8559-5116BFE4338C}.Release-JASP|x86.ActiveCfg = Release-JASP|Win32
		{1D5BE629-82D1-4511-8559-5116BFE4338C}.Release-JASP|x86.Build.0 = Release-JASP|Win32
		{1D5BE629-82D1-4511-8559-5116BFE4338C}.Release-JASP|x64.ActiveCfg = Release-JASP|x64
		{1D5BE629-82D1-4511-8559-5116BFE4338C}.Release-JASP|x64.Build.0 = Release-JASP|x64
		{1D5BE629-82D1-4511-8559-5116BFE4338C}.Release-JK2MP|x86.ActiveCfg = Release-JK2MP|Win32
		{1D5BE629-82D1-4511-8559-5116BFE4338C}.Release-JK2MP|x86.Build.0 = Release-JK2MP|Win32
		{1D5BE629-82D1-4511-8559-5116BFE4338C}.Release-JK2MP|x64.ActiveCfg = Release-JK2MP|x64
		{1D5BE629-82D1-4511-8559-5116BFE4338C}.Release-JK2MP|x64.Build.0 = Release-JK2MP|x64
		{1D5BE629-82D1-4511-8559-5116BFE4338C}.Release-JK2SP|x86.ActiveCfg = Release-JK2SP|Win32
		{1D5BE629-82D1-4511-8559-5116BFE4338C}.Release-JK2SP|x86.Build.0 = Release-JK2SP|Win32
		{1D5BE629-82D1-4511-8559-5116BFE4338C}.Release-JK2SP|x64.ActiveCfg = Release-JK2SP|x64
		{1D5BE629-82D1-4511-8559-5116BFE4338C}.Release-JK2SP|x64.Build.0 = Release-JK2SP|x64
		{1D5BE629-82D1-4511-8559-5116BFE4338C}.Release-MOHAA|x86.ActiveCfg = Release-MOHAA|Win32
		{1D5BE629-82D1-4511-8559-5116BFE4338C}.Release-MOHAA|x86.Build.0 = Release-MOHAA|Win32
		{1D5BE629-82D1-4511-8559-5116BFE4338C}.Release-MOHAA|x64.ActiveCfg = Release-MOHAA|x64
		{1D5BE629-82D1-4511-8559-5116BFE4338C}.Release-MOHAA|x64.Build.0 = Release-MOHAA|x64
		{1D5BE629-82D1-4511-8559-5116BFE4338C}.Release-MOHBT|x86.ActiveCfg = Release-MOHBT|Win32
		{1D5BE629-82D1-4511-8559-5116BFE4338C}.Release-MOHBT|x86.Build.0 = Release-MOHBT|Win32
		{1D5BE629-82D1-4511-8559-5116BFE4338C}.Release-MOHBT|x64.ActiveCfg = Release-MOHBT|x64
		{1D5BE629-82D1-4511-8559-5116BFE4338C}.Release-MOHBT|x64.Build.0 = Release-MOHBT|x64
		{1D5BE629-82D1-4511-8559-5116BFE4338C}.Release-MOHSH|x86.ActiveCfg = Release-MOHSH|Win32
		{1D5BE629-82D1-4511-8559-5116BFE4338C}.Release-MOHSH|x86.Build.0 = Release-MOHSH|Win32
		{1D5BE629-82D1-4511-8559-5116BFE4338C}.Release-MOHSH|x64.ActiveCfg = Release-MOHSH|x64
		{1D5BE629-82D1-4511-8559-5116BFE4338C}.Release-MOHSH|x64.Build.0 = Release-MOHSH|x64
		{1D5BE629-82D1-4511-8559-5116BFE4338C}.Release-Q3A|x86.ActiveCfg = Release-Q3A|Win32
		{1D5BE629-82D1-4511-8559-5116BFE4338C}.Release-Q3A|x86.Build.0 = Release-Q3A|Win32
		{1D5BE629-82D1-4511-8559-5116BFE4338C}.Release-Q3A|x64.ActiveCfg = Release-Q3A|x64
		{1D5BE629-82D1-4511-8559-5116BFE4338C}.Release-Q3A|x64.Build.0 = Release-Q3A|x64
		{1D5BE629-82D1-4511-8559-5116BFE4338C}.Release-QUAKE2|x86.ActiveCfg = Release-QUAKE2|Win32
		{1D5BE629-82D1-4511-8559-5116BFE4338C}.Release-QUAKE2|x86.Build.0 = Release-QUAKE2|Win32
		{1D5BE629-82D1-4511-8559-5116BFE4338C}.Release-QUAKE2|x64.ActiveCfg = Release-QUAKE2|x64
		{1D5BE629-82D1-4511-8559-5116BFE4338C}.Release-QUAKE2|x64.Build.0 = Release-QUAKE2|x64
		{1D5BE629-82D1-4511-8559-5116BFE4338C}.Release-RTCWMP|x86.ActiveCfg = Release-RTCWMP|Win32
		{1D5BE629-82D1-4511-8559-5116BFE4338C}.Release-RTCWMP|x86.Build.0 = Release-RTCWMP|Win32
		{1D5BE629-82D1-4511-8559-5116BFE4338C}.Release-RTCWMP|x64.ActiveCfg = Release-RTCWMP|x64
		{1D5BE629-82D1-4511-8559-5116BFE4338C}.Release-RTCWMP|x64.Build.0 = Release-RTCWMP|x64
		{1D5BE629-82D1-4511-8559-5116BFE4338C}.Release-RTCWSP|x86.ActiveCfg = Release-RTCWSP|Win32
		{1D5BE629-82D1-4511-8559-5116BFE4338C}.Release-RTCWSP|x86.Build.0 = Release-RTCWSP|Win32
		{1D5BE629-82D1-4511-8559-5116BFE4338C}.Release-RTCWSP|x64.ActiveCfg = Release-RTCWSP|x64
		{1D5BE629-82D1-4511-8559-5116BFE4338C}.Release-RTCWSP|x64.Build.0 = Release-RTCWSP|x64
		{1D5BE629-82D1-4511-8559-5116BFE4338C}.Release-SIN|x86.ActiveCfg = Release-SIN|Win32
		{1D5BE629-82D1-4511-8559-5116BFE4338C}.Release-SIN|x86.Build.0 = Release-SIN|Win32
		{1D5BE629-82D1-4511-8559-5116BFE4338C}.Release-SIN|x64.ActiveCfg = Release-SIN|x64
		{1D5BE629-82D1-4511-8559-5116BFE4338C}.Release-SIN|x64.Build.0 = Release-SIN|x64
		{1D5BE629-82D1-4511-8559-5116BFE4338C}.Release-SOF2MP|x86.ActiveCfg = Release-SOF2MP|Win32
		{1D5BE629-82D1-4511-8559-5116BFE4338C}.Release-SOF2MP|x86.Build.0 = Release-SOF2MP|Win32
		{1D5BE629-82D1-4511-8559-5116BFE4338C}.Release-SOF2MP|x64.ActiveCfg = Release-SOF2MP|x64
		{1D5BE629-82D1-4511-8559-5116BFE4338C}.Release-SOF2MP|x64.Build.0 = Release-SOF2MP|x64
		{1D5BE629-82D1-4511-8559-5116BFE4338C}.Release-SOF2SP|x86.ActiveCfg = Release-SOF2SP|Win32
		{1D5BE629-82D1-4511-8559-5116BFE4338C}.Release-SOF2SP|x86.Build.0 = Release-SOF2SP|Win32
		{1D5BE629-82D1-4511-8559-5116BFE4338C}.Release-SOF2SP|x64.ActiveCfg = Release-SOF2SP|x64
		{1D5BE629-82D1-4511-8559-5116BFE4338C}.Release-SOF2SP|x64.Build.0 = Release-SOF2SP|x64
		{1D5BE629-82D1-4511-8559-5116BFE4338C}.Release-STEF2|x86.ActiveCfg = Release-STEF2|Win32
		{1D5BE629-82D1-4511-8559-5116BFE4338C}.Release-STEF2|x86.Build.0 = Release-STEF2|Win32
		{1D5BE629-82D1-4511-8559-5116BFE4338C}.Release-STEF2|x64.ActiveCfg = Release-STEF2|x64
		{1D5BE629-82D1-4511-8559-5116BFE4338C}.Release-STEF2|x64.Build.0 = Release-STEF2|x64
		{1D5BE629-82D1-4511-8559-5116BFE4338C}.Release-STVOYHM|x86.ActiveCfg = Release-STVOYHM|Win32
		{1D5BE629-82D1-4511-8559-5116BFE4338C}.Release-STVOYHM|x86.Build.0 = Release-STVOYHM|Win32
		{1D5BE629-82D1-4511-8559-5116BFE4338C}.Release-STVOYHM|x64.ActiveCfg = Release-STVOYHM|x64
		{1D5BE629-82D1-4511-8559-5116BFE4338C}.Release-STVOYHM|x64.Build.0 = Release-STVOYHM|x64
		{1D5BE629-82D1-4511-8559-5116BFE4338C}.Release-STVOYSP|x86.ActiveCfg = Release-STVOYSP|Win32
		{1D5BE629-82D1-4511-8559-5116BFE4338C}.Release-STVOYSP|x86.Build.0 = Release-STVOYSP|Win32
		{1D5BE629-82D1-4511-8559-5116BFE4338C}.Release-STVOYSP|x64.ActiveCfg = Release-STVOYSP|x64
		{1D5BE629-82D1-4511-8559-5116BFE4338C}.Release-STVOYSP|x64.Build.0 = Release-STVOYSP|x64
		{1D5BE629-82D1-4511-8559-5116BFE4338C}.Release-WET|x86.ActiveCfg = Release-WET|Win32
		{1D5BE629-82D1-4511-8559-5116BFE4338C}.Release-WET|x86.Build.0 = Release-WET|Win32
		{1D5BE629-82D1-4511-8559-5116BFE4338C}.Release-WET|x64.ActiveCfg = Release-WET|x64
		{1D5BE629-82D1-4511-8559-5116BFE4338C}.Release-WET|x64.Build.0 = Release-WET|x64
	EndGlobalSection
	GlobalSection(SolutionProperties) = preSolution
		HideSolutionNode = FALSE
	EndGlobalSection
EndGlobal
